
Microsoft Visual Studio Solution File, Format Version 12.00
# Visual Studio Version 17
VisualStudioVersion = 17.5.33516.290
MinimumVisualStudioVersion = 10.0.40219.1
Project("{2150E333-8FDC-42A3-9474-1A3956D46DE8}") = "test", "test", "{5990B0AA-8911-441C-87A0-891719A02622}"
EndProject
Project("{2150E333-8FDC-42A3-9474-1A3956D46DE8}") = "src", "src", "{0B20A7FD-53C6-445E-9E1F-781736E65245}"
EndProject
Project("{2150E333-8FDC-42A3-9474-1A3956D46DE8}") = "UI", "UI", "{F56B182A-1DFA-4540-8304-6DE57DD5688F}"
EndProject
Project("{2150E333-8FDC-42A3-9474-1A3956D46DE8}") = "Application", "Application", "{1939F969-9AE4-44A3-A284-6B51FAF11B19}"
EndProject
Project("{2150E333-8FDC-42A3-9474-1A3956D46DE8}") = "Infrastructure", "Infrastructure", "{7B1103E7-2422-41AE-8404-7336B30DBC29}"
EndProject
Project("{2150E333-8FDC-42A3-9474-1A3956D46DE8}") = "API", "API", "{D5B68EF1-4BD5-4548-9DF6-EA5A04E70EEA}"
EndProject
Project("{2150E333-8FDC-42A3-9474-1A3956D46DE8}") = "Core", "Core", "{1FE16F4E-3F0E-4AE4-A587-353A35DE6207}"
EndProject
Project("{9A19103F-16F7-4668-BE54-9A1E7A4F7556}") = "HR.LeaveManagement.Domain", "HRLeaveManagement.Domain\HR.LeaveManagement.Domain.csproj", "{9AACB09E-0E5F-45F4-9336-8B9387CA6FF8}"
EndProject
Project("{9A19103F-16F7-4668-BE54-9A1E7A4F7556}") = "HR.LeaveManagement.Application", "HR.LeaveManagement.Application\HR.LeaveManagement.Application.csproj", "{5FA30219-C99A-4489-8035-C7B10558C2E0}"
EndProject
Project("{9A19103F-16F7-4668-BE54-9A1E7A4F7556}") = "HR.LeaveManagement.Persistence", "HR.LeaveManagement.Persistence\HR.LeaveManagement.Persistence.csproj", "{3BDF5717-D6C8-41B2-AB06-E7F7BA9BD848}"
EndProject
Project("{9A19103F-16F7-4668-BE54-9A1E7A4F7556}") = "HR.LeaveManagement.Infrastructure", "HR.LeaveManagement.Infrastructure\HR.LeaveManagement.Infrastructure.csproj", "{0B5463E5-2555-4BA0-91C7-7AA73879C094}"
EndProject
Project("{9A19103F-16F7-4668-BE54-9A1E7A4F7556}") = "HR.LeaveManagement.Api", "HR.LeaveManagement.Api\HR.LeaveManagement.Api.csproj", "{A1D1DC52-4B33-4CC7-AE66-962F26AB2264}"
EndProject
Project("{9A19103F-16F7-4668-BE54-9A1E7A4F7556}") = "HR.LeaveManagement.Application.UnitTests", "HR.LeaveManagement.Application.UnitTests\HR.LeaveManagement.Application.UnitTests.csproj", "{A250E89C-D32E-406B-B9A2-7921CAC05756}"
EndProject
Project("{9A19103F-16F7-4668-BE54-9A1E7A4F7556}") = "HR.LeaveManagement.Persistence.IntegrationTests", "HR.LeaveManagement.Persistence.IntegrationTests\HR.LeaveManagement.Persistence.IntegrationTests.csproj", "{DC737CB7-5082-4FE2-A4D0-1C2B01D4D1E8}"
EndProject
Project("{9A19103F-16F7-4668-BE54-9A1E7A4F7556}") = "HR.LeaveManagement.BlazorUI", "HR.LeaveManagement.BlazorUI\HR.LeaveManagement.BlazorUI.csproj", "{8736AC69-6CD3-4A2E-9688-435A5967009B}"
EndProject
Project("{9A19103F-16F7-4668-BE54-9A1E7A4F7556}") = "HR.LeaveManagement.Identity", "HR.LeaveManagement.Identity\HR.LeaveManagement.Identity.csproj", "{2303135A-F2BE-474D-88F0-4B2C55AD1AAE}"
EndProject
Global
	GlobalSection(SolutionConfigurationPlatforms) = preSolution
		Debug|Any CPU = Debug|Any CPU
		Release|Any CPU = Release|Any CPU
	EndGlobalSection
	GlobalSection(ProjectConfigurationPlatforms) = postSolution
		{9AACB09E-0E5F-45F4-9336-8B9387CA6FF8}.Debug|Any CPU.ActiveCfg = Debug|Any CPU
		{9AACB09E-0E5F-45F4-9336-8B9387CA6FF8}.Debug|Any CPU.Build.0 = Debug|Any CPU
		{9AACB09E-0E5F-45F4-9336-8B9387CA6FF8}.Release|Any CPU.ActiveCfg = Release|Any CPU
		{9AACB09E-0E5F-45F4-9336-8B9387CA6FF8}.Release|Any CPU.Build.0 = Release|Any CPU
		{5FA30219-C99A-4489-8035-C7B10558C2E0}.Debug|Any CPU.ActiveCfg = Debug|Any CPU
		{5FA30219-C99A-4489-8035-C7B10558C2E0}.Debug|Any CPU.Build.0 = Debug|Any CPU
		{5FA30219-C99A-4489-8035-C7B10558C2E0}.Release|Any CPU.ActiveCfg = Release|Any CPU
		{5FA30219-C99A-4489-8035-C7B10558C2E0}.Release|Any CPU.Build.0 = Release|Any CPU
		{3BDF5717-D6C8-41B2-AB06-E7F7BA9BD848}.Debug|Any CPU.ActiveCfg = Debug|Any CPU
		{3BDF5717-D6C8-41B2-AB06-E7F7BA9BD848}.Debug|Any CPU.Build.0 = Debug|Any CPU
		{3BDF5717-D6C8-41B2-AB06-E7F7BA9BD848}.Release|Any CPU.ActiveCfg = Release|Any CPU
		{3BDF5717-D6C8-41B2-AB06-E7F7BA9BD848}.Release|Any CPU.Build.0 = Release|Any CPU
		{0B5463E5-2555-4BA0-91C7-7AA73879C094}.Debug|Any CPU.ActiveCfg = Debug|Any CPU
		{0B5463E5-2555-4BA0-91C7-7AA73879C094}.Debug|Any CPU.Build.0 = Debug|Any CPU
		{0B5463E5-2555-4BA0-91C7-7AA73879C094}.Release|Any CPU.ActiveCfg = Release|Any CPU
		{0B5463E5-2555-4BA0-91C7-7AA73879C094}.Release|Any CPU.Build.0 = Release|Any CPU
		{A1D1DC52-4B33-4CC7-AE66-962F26AB2264}.Debug|Any CPU.ActiveCfg = Debug|Any CPU
		{A1D1DC52-4B33-4CC7-AE66-962F26AB2264}.Debug|Any CPU.Build.0 = Debug|Any CPU
		{A1D1DC52-4B33-4CC7-AE66-962F26AB2264}.Release|Any CPU.ActiveCfg = Release|Any CPU
		{A1D1DC52-4B33-4CC7-AE66-962F26AB2264}.Release|Any CPU.Build.0 = Release|Any CPU
		{A250E89C-D32E-406B-B9A2-7921CAC05756}.Debug|Any CPU.ActiveCfg = Debug|Any CPU
		{A250E89C-D32E-406B-B9A2-7921CAC05756}.Debug|Any CPU.Build.0 = Debug|Any CPU
		{A250E89C-D32E-406B-B9A2-7921CAC05756}.Release|Any CPU.ActiveCfg = Release|Any CPU
		{A250E89C-D32E-406B-B9A2-7921CAC05756}.Release|Any CPU.Build.0 = Release|Any CPU
		{DC737CB7-5082-4FE2-A4D0-1C2B01D4D1E8}.Debug|Any CPU.ActiveCfg = Debug|Any CPU
		{DC737CB7-5082-4FE2-A4D0-1C2B01D4D1E8}.Debug|Any CPU.Build.0 = Debug|Any CPU
		{DC737CB7-5082-4FE2-A4D0-1C2B01D4D1E8}.Release|Any CPU.ActiveCfg = Release|Any CPU
		{DC737CB7-5082-4FE2-A4D0-1C2B01D4D1E8}.Release|Any CPU.Build.0 = Release|Any CPU
		{8736AC69-6CD3-4A2E-9688-435A5967009B}.Debug|Any CPU.ActiveCfg = Debug|Any CPU
		{8736AC69-6CD3-4A2E-9688-435A5967009B}.Debug|Any CPU.Build.0 = Debug|Any CPU
		{8736AC69-6CD3-4A2E-9688-435A5967009B}.Release|Any CPU.ActiveCfg = Release|Any CPU
		{8736AC69-6CD3-4A2E-9688-435A5967009B}.Release|Any CPU.Build.0 = Release|Any CPU
		{2303135A-F2BE-474D-88F0-4B2C55AD1AAE}.Debug|Any CPU.ActiveCfg = Debug|Any CPU
		{2303135A-F2BE-474D-88F0-4B2C55AD1AAE}.Debug|Any CPU.Build.0 = Debug|Any CPU
		{2303135A-F2BE-474D-88F0-4B2C55AD1AAE}.Release|Any CPU.ActiveCfg = Release|Any CPU
		{2303135A-F2BE-474D-88F0-4B2C55AD1AAE}.Release|Any CPU.Build.0 = Release|Any CPU
	EndGlobalSection
	GlobalSection(SolutionProperties) = preSolution
		HideSolutionNode = FALSE
	EndGlobalSection
	GlobalSection(NestedProjects) = preSolution
		{F56B182A-1DFA-4540-8304-6DE57DD5688F} = {0B20A7FD-53C6-445E-9E1F-781736E65245}
		{1939F969-9AE4-44A3-A284-6B51FAF11B19} = {0B20A7FD-53C6-445E-9E1F-781736E65245}
		{7B1103E7-2422-41AE-8404-7336B30DBC29} = {0B20A7FD-53C6-445E-9E1F-781736E65245}
		{D5B68EF1-4BD5-4548-9DF6-EA5A04E70EEA} = {0B20A7FD-53C6-445E-9E1F-781736E65245}
		{1FE16F4E-3F0E-4AE4-A587-353A35DE6207} = {0B20A7FD-53C6-445E-9E1F-781736E65245}
		{9AACB09E-0E5F-45F4-9336-8B9387CA6FF8} = {1FE16F4E-3F0E-4AE4-A587-353A35DE6207}
		{5FA30219-C99A-4489-8035-C7B10558C2E0} = {1FE16F4E-3F0E-4AE4-A587-353A35DE6207}
		{3BDF5717-D6C8-41B2-AB06-E7F7BA9BD848} = {7B1103E7-2422-41AE-8404-7336B30DBC29}
		{0B5463E5-2555-4BA0-91C7-7AA73879C094} = {7B1103E7-2422-41AE-8404-7336B30DBC29}
		{A1D1DC52-4B33-4CC7-AE66-962F26AB2264} = {D5B68EF1-4BD5-4548-9DF6-EA5A04E70EEA}
		{A250E89C-D32E-406B-B9A2-7921CAC05756} = {5990B0AA-8911-441C-87A0-891719A02622}
		{DC737CB7-5082-4FE2-A4D0-1C2B01D4D1E8} = {5990B0AA-8911-441C-87A0-891719A02622}
		{8736AC69-6CD3-4A2E-9688-435A5967009B} = {F56B182A-1DFA-4540-8304-6DE57DD5688F}
		{2303135A-F2BE-474D-88F0-4B2C55AD1AAE} = {7B1103E7-2422-41AE-8404-7336B30DBC29}
	EndGlobalSection
	GlobalSection(ExtensibilityGlobals) = postSolution
		SolutionGuid = {E708411F-091C-4C80-9365-2C1E46D16DA1}
	EndGlobalSection
EndGlobal
